{
  "name": "http-msgs",
  "version": "1.0.7",
  "lockfileVersion": 1,
  "requires": true,
  "dependencies": {
    "cookie-secure": {
      "version": "1.0.4",
      "resolved": "https://registry.npmjs.org/cookie-secure/-/cookie-secure-1.0.4.tgz",
      "integrity": "sha512-YAVXirl8ri+TqwKIOZh9XIMKl85Q618o8FzaPIItm27U1GS3pjbp5CfgrB4h2o02Imtmh/a+XnYw25vu5mgfQw=="
    }
  }
}
